
Microsoft Visual Studio Solution File, Format Version 12.00
# Visual Studio Version 17
VisualStudioVersion = 17.8.34511.84
MinimumVisualStudioVersion = 10.0.40219.1
Project("{9A19103F-16F7-4668-BE54-9A1E7A4F7556}") = "PeopleManager.Ui.Mvc", "PeopleManager.Ui.Mvc\PeopleManager.Ui.Mvc.csproj", "{9C85193A-0375-4958-ACDD-CE14BB8A42C0}"
EndProject
Project("{9A19103F-16F7-4668-BE54-9A1E7A4F7556}") = "PeopleManager.Core", "PeopleManager.Core\PeopleManager.Core.csproj", "{F99DB3D0-64C8-4E96-A142-A063AA5099C8}"
	ProjectSection(ProjectDependencies) = postProject
		{18350F33-E319-43DE-ABA2-2D80E0C94291} = {18350F33-E319-43DE-ABA2-2D80E0C94291}
	EndProjectSection
EndProject
Project("{9A19103F-16F7-4668-BE54-9A1E7A4F7556}") = "PeopleManager.Model", "PeopleManager.Model\PeopleManager.Model.csproj", "{18350F33-E319-43DE-ABA2-2D80E0C94291}"
EndProject
Project("{9A19103F-16F7-4668-BE54-9A1E7A4F7556}") = "PeopleManager.Services", "PeopleManager.Services\PeopleManager.Services.csproj", "{435FD580-D28C-4E21-8D29-1F994E01434D}"
EndProject
Project("{9A19103F-16F7-4668-BE54-9A1E7A4F7556}") = "PeopleManager.Api", "PeopleManager.Api\PeopleManager.Api.csproj", "{E9639CC9-D725-4F3B-9F9B-10B10A65D751}"
EndProject
Project("{9A19103F-16F7-4668-BE54-9A1E7A4F7556}") = "PeopleManager.Dto", "PeopleManager.Dto\PeopleManager.Dto.csproj", "{D0F2A022-E6B4-4CDE-B63B-66B8381689AE}"
EndProject
Project("{2150E333-8FDC-42A3-9474-1A3956D46DE8}") = "API", "API", "{A863BCCA-74B3-477C-B7E6-3C31CD7CFE08}"
EndProject
Project("{2150E333-8FDC-42A3-9474-1A3956D46DE8}") = "Webapp", "Webapp", "{911EBE16-0C56-4920-BCC5-8E67BDA755E7}"
EndProject
Project("{9A19103F-16F7-4668-BE54-9A1E7A4F7556}") = "PeopleManager.Sdk", "PeopleManager.Sdk\PeopleManager.Sdk.csproj", "{3CF3AABF-A14D-4303-8B74-31912D3A57F5}"
EndProject
Project("{9A19103F-16F7-4668-BE54-9A1E7A4F7556}") = "Vives.Services.Model", "Vives.Services.Model\Vives.Services.Model.csproj", "{54037DC2-8317-4A43-B2FF-2789F195914B}"
EndProject
Project("{9A19103F-16F7-4668-BE54-9A1E7A4F7556}") = "Vives.Presentation.Authentication", "Vives.Presentation.Authentication\Vives.Presentation.Authentication.csproj", "{4FE02B85-5331-4203-B475-6B5D5E9BB9B5}"
EndProject
Project("{9A19103F-16F7-4668-BE54-9A1E7A4F7556}") = "PeopleManager.Configuration", "PeopleManager.Configuration\PeopleManager.Configuration.csproj", "{BFB035CC-1AC5-4136-80A5-050A25332AC7}"
EndProject
Project("{FAE04EC0-301F-11D3-BF4B-00C04F79EFBC}") = "Vives.Services.Extensions", "Vives.Services.Extentions\Vives.Services.Extensions.csproj", "{2B79CA15-6FC7-45BD-8C26-CBAA9BEB6547}"
EndProject
Project("{2150E333-8FDC-42A3-9474-1A3956D46DE8}") = "Vives", "Vives", "{ED7ACA8A-FD6D-46BD-A236-34FAA59C2039}"
EndProject
Project("{FAE04EC0-301F-11D3-BF4B-00C04F79EFBC}") = "SvgIconLibrary", "SvgIconLibrary\SvgIconLibrary.csproj", "{C1A9A481-3571-4BA7-95C9-2DD4B130D2FA}"
EndProject
Global
	GlobalSection(SolutionConfigurationPlatforms) = preSolution
		Debug|Any CPU = Debug|Any CPU
		Release|Any CPU = Release|Any CPU
	EndGlobalSection
	GlobalSection(ProjectConfigurationPlatforms) = postSolution
		{9C85193A-0375-4958-ACDD-CE14BB8A42C0}.Debug|Any CPU.ActiveCfg = Debug|Any CPU
		{9C85193A-0375-4958-ACDD-CE14BB8A42C0}.Debug|Any CPU.Build.0 = Debug|Any CPU
		{9C85193A-0375-4958-ACDD-CE14BB8A42C0}.Release|Any CPU.ActiveCfg = Release|Any CPU
		{9C85193A-0375-4958-ACDD-CE14BB8A42C0}.Release|Any CPU.Build.0 = Release|Any CPU
		{F99DB3D0-64C8-4E96-A142-A063AA5099C8}.Debug|Any CPU.ActiveCfg = Debug|Any CPU
		{F99DB3D0-64C8-4E96-A142-A063AA5099C8}.Debug|Any CPU.Build.0 = Debug|Any CPU
		{F99DB3D0-64C8-4E96-A142-A063AA5099C8}.Release|Any CPU.ActiveCfg = Release|Any CPU
		{F99DB3D0-64C8-4E96-A142-A063AA5099C8}.Release|Any CPU.Build.0 = Release|Any CPU
		{18350F33-E319-43DE-ABA2-2D80E0C94291}.Debug|Any CPU.ActiveCfg = Debug|Any CPU
		{18350F33-E319-43DE-ABA2-2D80E0C94291}.Debug|Any CPU.Build.0 = Debug|Any CPU
		{18350F33-E319-43DE-ABA2-2D80E0C94291}.Release|Any CPU.ActiveCfg = Release|Any CPU
		{18350F33-E319-43DE-ABA2-2D80E0C94291}.Release|Any CPU.Build.0 = Release|Any CPU
		{435FD580-D28C-4E21-8D29-1F994E01434D}.Debug|Any CPU.ActiveCfg = Debug|Any CPU
		{435FD580-D28C-4E21-8D29-1F994E01434D}.Debug|Any CPU.Build.0 = Debug|Any CPU
		{435FD580-D28C-4E21-8D29-1F994E01434D}.Release|Any CPU.ActiveCfg = Release|Any CPU
		{435FD580-D28C-4E21-8D29-1F994E01434D}.Release|Any CPU.Build.0 = Release|Any CPU
		{E9639CC9-D725-4F3B-9F9B-10B10A65D751}.Debug|Any CPU.ActiveCfg = Debug|Any CPU
		{E9639CC9-D725-4F3B-9F9B-10B10A65D751}.Debug|Any CPU.Build.0 = Debug|Any CPU
		{E9639CC9-D725-4F3B-9F9B-10B10A65D751}.Release|Any CPU.ActiveCfg = Release|Any CPU
		{E9639CC9-D725-4F3B-9F9B-10B10A65D751}.Release|Any CPU.Build.0 = Release|Any CPU
		{D0F2A022-E6B4-4CDE-B63B-66B8381689AE}.Debug|Any CPU.ActiveCfg = Debug|Any CPU
		{D0F2A022-E6B4-4CDE-B63B-66B8381689AE}.Debug|Any CPU.Build.0 = Debug|Any CPU
		{D0F2A022-E6B4-4CDE-B63B-66B8381689AE}.Release|Any CPU.ActiveCfg = Release|Any CPU
		{D0F2A022-E6B4-4CDE-B63B-66B8381689AE}.Release|Any CPU.Build.0 = Release|Any CPU
		{3CF3AABF-A14D-4303-8B74-31912D3A57F5}.Debug|Any CPU.ActiveCfg = Debug|Any CPU
		{3CF3AABF-A14D-4303-8B74-31912D3A57F5}.Debug|Any CPU.Build.0 = Debug|Any CPU
		{3CF3AABF-A14D-4303-8B74-31912D3A57F5}.Release|Any CPU.ActiveCfg = Release|Any CPU
		{3CF3AABF-A14D-4303-8B74-31912D3A57F5}.Release|Any CPU.Build.0 = Release|Any CPU
		{54037DC2-8317-4A43-B2FF-2789F195914B}.Debug|Any CPU.ActiveCfg = Debug|Any CPU
		{54037DC2-8317-4A43-B2FF-2789F195914B}.Debug|Any CPU.Build.0 = Debug|Any CPU
		{54037DC2-8317-4A43-B2FF-2789F195914B}.Release|Any CPU.ActiveCfg = Release|Any CPU
		{54037DC2-8317-4A43-B2FF-2789F195914B}.Release|Any CPU.Build.0 = Release|Any CPU
		{4FE02B85-5331-4203-B475-6B5D5E9BB9B5}.Debug|Any CPU.ActiveCfg = Debug|Any CPU
		{4FE02B85-5331-4203-B475-6B5D5E9BB9B5}.Debug|Any CPU.Build.0 = Debug|Any CPU
		{4FE02B85-5331-4203-B475-6B5D5E9BB9B5}.Release|Any CPU.ActiveCfg = Release|Any CPU
		{4FE02B85-5331-4203-B475-6B5D5E9BB9B5}.Release|Any CPU.Build.0 = Release|Any CPU
		{BFB035CC-1AC5-4136-80A5-050A25332AC7}.Debug|Any CPU.ActiveCfg = Debug|Any CPU
		{BFB035CC-1AC5-4136-80A5-050A25332AC7}.Debug|Any CPU.Build.0 = Debug|Any CPU
		{BFB035CC-1AC5-4136-80A5-050A25332AC7}.Release|Any CPU.ActiveCfg = Release|Any CPU
		{BFB035CC-1AC5-4136-80A5-050A25332AC7}.Release|Any CPU.Build.0 = Release|Any CPU
		{2B79CA15-6FC7-45BD-8C26-CBAA9BEB6547}.Debug|Any CPU.ActiveCfg = Debug|Any CPU
		{2B79CA15-6FC7-45BD-8C26-CBAA9BEB6547}.Debug|Any CPU.Build.0 = Debug|Any CPU
		{2B79CA15-6FC7-45BD-8C26-CBAA9BEB6547}.Release|Any CPU.ActiveCfg = Release|Any CPU
		{2B79CA15-6FC7-45BD-8C26-CBAA9BEB6547}.Release|Any CPU.Build.0 = Release|Any CPU
		{C1A9A481-3571-4BA7-95C9-2DD4B130D2FA}.Debug|Any CPU.ActiveCfg = Debug|Any CPU
		{C1A9A481-3571-4BA7-95C9-2DD4B130D2FA}.Debug|Any CPU.Build.0 = Debug|Any CPU
		{C1A9A481-3571-4BA7-95C9-2DD4B130D2FA}.Release|Any CPU.ActiveCfg = Release|Any CPU
		{C1A9A481-3571-4BA7-95C9-2DD4B130D2FA}.Release|Any CPU.Build.0 = Release|Any CPU
	EndGlobalSection
	GlobalSection(SolutionProperties) = preSolution
		HideSolutionNode = FALSE
	EndGlobalSection
	GlobalSection(NestedProjects) = preSolution
		{9C85193A-0375-4958-ACDD-CE14BB8A42C0} = {911EBE16-0C56-4920-BCC5-8E67BDA755E7}
		{F99DB3D0-64C8-4E96-A142-A063AA5099C8} = {A863BCCA-74B3-477C-B7E6-3C31CD7CFE08}
		{18350F33-E319-43DE-ABA2-2D80E0C94291} = {A863BCCA-74B3-477C-B7E6-3C31CD7CFE08}
		{435FD580-D28C-4E21-8D29-1F994E01434D} = {A863BCCA-74B3-477C-B7E6-3C31CD7CFE08}
		{E9639CC9-D725-4F3B-9F9B-10B10A65D751} = {A863BCCA-74B3-477C-B7E6-3C31CD7CFE08}
		{D0F2A022-E6B4-4CDE-B63B-66B8381689AE} = {A863BCCA-74B3-477C-B7E6-3C31CD7CFE08}
		{3CF3AABF-A14D-4303-8B74-31912D3A57F5} = {911EBE16-0C56-4920-BCC5-8E67BDA755E7}
		{54037DC2-8317-4A43-B2FF-2789F195914B} = {ED7ACA8A-FD6D-46BD-A236-34FAA59C2039}
		{4FE02B85-5331-4203-B475-6B5D5E9BB9B5} = {ED7ACA8A-FD6D-46BD-A236-34FAA59C2039}
		{BFB035CC-1AC5-4136-80A5-050A25332AC7} = {A863BCCA-74B3-477C-B7E6-3C31CD7CFE08}
		{2B79CA15-6FC7-45BD-8C26-CBAA9BEB6547} = {ED7ACA8A-FD6D-46BD-A236-34FAA59C2039}
		{C1A9A481-3571-4BA7-95C9-2DD4B130D2FA} = {ED7ACA8A-FD6D-46BD-A236-34FAA59C2039}
	EndGlobalSection
	GlobalSection(ExtensibilityGlobals) = postSolution
		SolutionGuid = {6517C9AC-EBB9-4124-A470-26E83326B1D4}
	EndGlobalSection
EndGlobal
