
Microsoft Visual Studio Solution File, Format Version 12.00
# Visual Studio Version 17
VisualStudioVersion = 17.8.34511.84
MinimumVisualStudioVersion = 10.0.40219.1
Project("{9A19103F-16F7-4668-BE54-9A1E7A4F7556}") = "PeopleManager.Ui.Mvc", "PeopleManager.Ui.Mvc\PeopleManager.Ui.Mvc.csproj", "{9C85193A-0375-4958-ACDD-CE14BB8A42C0}"
EndProject
Project("{FAE04EC0-301F-11D3-BF4B-00C04F79EFBC}") = "PeopleManager.Core", "PeopleManager.Core\PeopleManager.Core.csproj", "{F99DB3D0-64C8-4E96-A142-A063AA5099C8}"
	ProjectSection(ProjectDependencies) = postProject
		{18350F33-E319-43DE-ABA2-2D80E0C94291} = {18350F33-E319-43DE-ABA2-2D80E0C94291}
	EndProjectSection
EndProject
Project("{FAE04EC0-301F-11D3-BF4B-00C04F79EFBC}") = "PeopleManager.Model", "PeopleManager.Model\PeopleManager.Model.csproj", "{18350F33-E319-43DE-ABA2-2D80E0C94291}"
EndProject
Project("{FAE04EC0-301F-11D3-BF4B-00C04F79EFBC}") = "PeopleManager.Services", "PeopleManager.Services\PeopleManager.Services.csproj", "{435FD580-D28C-4E21-8D29-1F994E01434D}"
EndProject
Global
	GlobalSection(SolutionConfigurationPlatforms) = preSolution
		Debug|Any CPU = Debug|Any CPU
		Release|Any CPU = Release|Any CPU
	EndGlobalSection
	GlobalSection(ProjectConfigurationPlatforms) = postSolution
		{9C85193A-0375-4958-ACDD-CE14BB8A42C0}.Debug|Any CPU.ActiveCfg = Debug|Any CPU
		{9C85193A-0375-4958-ACDD-CE14BB8A42C0}.Debug|Any CPU.Build.0 = Debug|Any CPU
		{9C85193A-0375-4958-ACDD-CE14BB8A42C0}.Release|Any CPU.ActiveCfg = Release|Any CPU
		{9C85193A-0375-4958-ACDD-CE14BB8A42C0}.Release|Any CPU.Build.0 = Release|Any CPU
		{F99DB3D0-64C8-4E96-A142-A063AA5099C8}.Debug|Any CPU.ActiveCfg = Debug|Any CPU
		{F99DB3D0-64C8-4E96-A142-A063AA5099C8}.Debug|Any CPU.Build.0 = Debug|Any CPU
		{F99DB3D0-64C8-4E96-A142-A063AA5099C8}.Release|Any CPU.ActiveCfg = Release|Any CPU
		{F99DB3D0-64C8-4E96-A142-A063AA5099C8}.Release|Any CPU.Build.0 = Release|Any CPU
		{18350F33-E319-43DE-ABA2-2D80E0C94291}.Debug|Any CPU.ActiveCfg = Debug|Any CPU
		{18350F33-E319-43DE-ABA2-2D80E0C94291}.Debug|Any CPU.Build.0 = Debug|Any CPU
		{18350F33-E319-43DE-ABA2-2D80E0C94291}.Release|Any CPU.ActiveCfg = Release|Any CPU
		{18350F33-E319-43DE-ABA2-2D80E0C94291}.Release|Any CPU.Build.0 = Release|Any CPU
		{435FD580-D28C-4E21-8D29-1F994E01434D}.Debug|Any CPU.ActiveCfg = Debug|Any CPU
		{435FD580-D28C-4E21-8D29-1F994E01434D}.Debug|Any CPU.Build.0 = Debug|Any CPU
		{435FD580-D28C-4E21-8D29-1F994E01434D}.Release|Any CPU.ActiveCfg = Release|Any CPU
		{435FD580-D28C-4E21-8D29-1F994E01434D}.Release|Any CPU.Build.0 = Release|Any CPU
	EndGlobalSection
	GlobalSection(SolutionProperties) = preSolution
		HideSolutionNode = FALSE
	EndGlobalSection
	GlobalSection(ExtensibilityGlobals) = postSolution
		SolutionGuid = {6517C9AC-EBB9-4124-A470-26E83326B1D4}
	EndGlobalSection
EndGlobal
